
Microsoft Visual Studio Solution File, Format Version 12.00
# Visual Studio 15
Project("{FAE04EC0-301F-11D3-BF4B-00C04F79EFBC}") = "XamarinShareExemplo.Android", "XamarinShareExemplo.Android\XamarinShareExemplo.Android.csproj", "{0420BB14-888D-4E69-9C74-6E443E4728D2}"
EndProject
Project("{FAE04EC0-301F-11D3-BF4B-00C04F79EFBC}") = "XamarinShareExemplo.iOS", "XamarinShareExemplo.iOS\XamarinShareExemplo.iOS.csproj", "{88B921B1-49AA-4A6C-A6D5-1718D478BB2B}"
EndProject
Project("{FAE04EC0-301F-11D3-BF4B-00C04F79EFBC}") = "XamarinShareExemplo", "XamarinShareExemplo\XamarinShareExemplo.csproj", "{4B43E321-D4F4-41F3-B25A-BF2469EF4963}"
EndProject
Global
	GlobalSection(SolutionConfigurationPlatforms) = preSolution
		Debug|Any CPU = Debug|Any CPU
		Release|Any CPU = Release|Any CPU
		Debug|iPhoneSimulator = Debug|iPhoneSimulator
		Release|iPhoneSimulator = Release|iPhoneSimulator
		Debug|iPhone = Debug|iPhone
		Release|iPhone = Release|iPhone
	EndGlobalSection
	GlobalSection(ProjectConfigurationPlatforms) = postSolution
		{0420BB14-888D-4E69-9C74-6E443E4728D2}.Debug|Any CPU.ActiveCfg = Debug|Any CPU
		{0420BB14-888D-4E69-9C74-6E443E4728D2}.Debug|Any CPU.Build.0 = Debug|Any CPU
		{0420BB14-888D-4E69-9C74-6E443E4728D2}.Release|Any CPU.ActiveCfg = Release|Any CPU
		{0420BB14-888D-4E69-9C74-6E443E4728D2}.Release|Any CPU.Build.0 = Release|Any CPU
		{0420BB14-888D-4E69-9C74-6E443E4728D2}.Debug|iPhoneSimulator.ActiveCfg = Debug|Any CPU
		{0420BB14-888D-4E69-9C74-6E443E4728D2}.Debug|iPhoneSimulator.Build.0 = Debug|Any CPU
		{0420BB14-888D-4E69-9C74-6E443E4728D2}.Release|iPhoneSimulator.ActiveCfg = Release|Any CPU
		{0420BB14-888D-4E69-9C74-6E443E4728D2}.Release|iPhoneSimulator.Build.0 = Release|Any CPU
		{0420BB14-888D-4E69-9C74-6E443E4728D2}.Debug|iPhone.ActiveCfg = Debug|Any CPU
		{0420BB14-888D-4E69-9C74-6E443E4728D2}.Debug|iPhone.Build.0 = Debug|Any CPU
		{0420BB14-888D-4E69-9C74-6E443E4728D2}.Release|iPhone.ActiveCfg = Release|Any CPU
		{0420BB14-888D-4E69-9C74-6E443E4728D2}.Release|iPhone.Build.0 = Release|Any CPU
		{88B921B1-49AA-4A6C-A6D5-1718D478BB2B}.Debug|Any CPU.ActiveCfg = Debug|iPhoneSimulator
		{88B921B1-49AA-4A6C-A6D5-1718D478BB2B}.Debug|Any CPU.Build.0 = Debug|iPhoneSimulator
		{88B921B1-49AA-4A6C-A6D5-1718D478BB2B}.Release|Any CPU.ActiveCfg = Release|iPhoneSimulator
		{88B921B1-49AA-4A6C-A6D5-1718D478BB2B}.Release|Any CPU.Build.0 = Release|iPhoneSimulator
		{88B921B1-49AA-4A6C-A6D5-1718D478BB2B}.Debug|iPhoneSimulator.ActiveCfg = Debug|iPhoneSimulator
		{88B921B1-49AA-4A6C-A6D5-1718D478BB2B}.Debug|iPhoneSimulator.Build.0 = Debug|iPhoneSimulator
		{88B921B1-49AA-4A6C-A6D5-1718D478BB2B}.Release|iPhoneSimulator.ActiveCfg = Release|iPhoneSimulator
		{88B921B1-49AA-4A6C-A6D5-1718D478BB2B}.Release|iPhoneSimulator.Build.0 = Release|iPhoneSimulator
		{88B921B1-49AA-4A6C-A6D5-1718D478BB2B}.Debug|iPhone.ActiveCfg = Debug|iPhone
		{88B921B1-49AA-4A6C-A6D5-1718D478BB2B}.Debug|iPhone.Build.0 = Debug|iPhone
		{88B921B1-49AA-4A6C-A6D5-1718D478BB2B}.Release|iPhone.ActiveCfg = Release|iPhone
		{88B921B1-49AA-4A6C-A6D5-1718D478BB2B}.Release|iPhone.Build.0 = Release|iPhone
		{4B43E321-D4F4-41F3-B25A-BF2469EF4963}.Debug|Any CPU.ActiveCfg = Debug|Any CPU
		{4B43E321-D4F4-41F3-B25A-BF2469EF4963}.Debug|Any CPU.Build.0 = Debug|Any CPU
		{4B43E321-D4F4-41F3-B25A-BF2469EF4963}.Release|Any CPU.ActiveCfg = Release|Any CPU
		{4B43E321-D4F4-41F3-B25A-BF2469EF4963}.Release|Any CPU.Build.0 = Release|Any CPU
		{4B43E321-D4F4-41F3-B25A-BF2469EF4963}.Debug|iPhoneSimulator.ActiveCfg = Debug|Any CPU
		{4B43E321-D4F4-41F3-B25A-BF2469EF4963}.Debug|iPhoneSimulator.Build.0 = Debug|Any CPU
		{4B43E321-D4F4-41F3-B25A-BF2469EF4963}.Release|iPhoneSimulator.ActiveCfg = Release|Any CPU
		{4B43E321-D4F4-41F3-B25A-BF2469EF4963}.Release|iPhoneSimulator.Build.0 = Release|Any CPU
		{4B43E321-D4F4-41F3-B25A-BF2469EF4963}.Debug|iPhone.ActiveCfg = Debug|Any CPU
		{4B43E321-D4F4-41F3-B25A-BF2469EF4963}.Debug|iPhone.Build.0 = Debug|Any CPU
		{4B43E321-D4F4-41F3-B25A-BF2469EF4963}.Release|iPhone.ActiveCfg = Release|Any CPU
		{4B43E321-D4F4-41F3-B25A-BF2469EF4963}.Release|iPhone.Build.0 = Release|Any CPU
	EndGlobalSection
EndGlobal
